# This file is automatically @generated by Cargo.
# It is not intended for manual editing.
[[package]]
name = "autocfg"
version = "1.0.0"
source = "registry+https://github.com/rust-lang/crates.io-index"
checksum = "f8aac770f1885fd7e387acedd76065302551364496e46b3dd00860b2f8359b9d"

[[package]]
name = "factorial"
version = "0.2.0"
source = "registry+https://github.com/rust-lang/crates.io-index"
checksum = "42396d2e190af0797b171935e754dbef0c3df12cacaf52476c502ee3b85d49de"
dependencies = [
 "num-traits",
]

[[package]]
name = "indoc"
version = "1.0.1"
source = "registry+https://github.com/rust-lang/crates.io-index"
checksum = "52749eda30449f5db7fc0b73c2c988b66d10f0577d06e85601a918afa3171b88"
dependencies = [
 "unindent",
]

[[package]]
name = "num-traits"
version = "0.2.12"
source = "registry+https://github.com/rust-lang/crates.io-index"
checksum = "ac267bcc07f48ee5f8935ab0d24f316fb722d7a1292e2913f0cc196b29ffd611"
dependencies = [
 "autocfg",
]

[[package]]
name = "pascals-triangle"
version = "0.1.0"
dependencies = [
 "factorial",
 "indoc",
]

[[package]]
name = "unindent"
version = "0.1.6"
source = "registry+https://github.com/rust-lang/crates.io-index"
checksum = "af41d708427f8fd0e915dcebb2cae0f0e6acb2a939b2d399c265c39a38a18942"
